
Microsoft Visual Studio Solution File, Format Version 12.00
# Visual Studio Version 17
VisualStudioVersion = 17.4.33213.308
MinimumVisualStudioVersion = 10.0.40219.1
Project("{FAE04EC0-301F-11D3-BF4B-00C04F79EFBC}") = "WebApplication1", "WebApplication1\WebApplication1.csproj", "{B013A10F-7BA0-402A-9CCC-23784BA7318A}"
EndProject
Global
	GlobalSection(SolutionConfigurationPlatforms) = preSolution
		Debug|Any CPU = Debug|Any CPU
		Release|Any CPU = Release|Any CPU
	EndGlobalSection
	GlobalSection(ProjectConfigurationPlatforms) = postSolution
		{B013A10F-7BA0-402A-9CCC-23784BA7318A}.Debug|Any CPU.ActiveCfg = Debug|Any CPU
		{B013A10F-7BA0-402A-9CCC-23784BA7318A}.Debug|Any CPU.Build.0 = Debug|Any CPU
		{B013A10F-7BA0-402A-9CCC-23784BA7318A}.Release|Any CPU.ActiveCfg = Release|Any CPU
		{B013A10F-7BA0-402A-9CCC-23784BA7318A}.Release|Any CPU.Build.0 = Release|Any CPU
	EndGlobalSection
	GlobalSection(SolutionProperties) = preSolution
		HideSolutionNode = FALSE
	EndGlobalSection
	GlobalSection(ExtensibilityGlobals) = postSolution
		SolutionGuid = {7E1E9C82-050C-400B-956C-7B691BA8EB28}
	EndGlobalSection
EndGlobal
